
Microsoft Visual Studio Solution File, Format Version 12.00
# Visual Studio Version 17
VisualStudioVersion = 17.14.36414.22 d17.14
MinimumVisualStudioVersion = 10.0.40219.1
Project("{FAE04EC0-301F-11D3-BF4B-00C04F79EFBC}") = "Cadastro", "Cadastro\Cadastro.csproj", "{83E06FB6-AC3F-4145-8D0D-96F885E14D2F}"
EndProject
Global
	GlobalSection(SolutionConfigurationPlatforms) = preSolution
		Debug|Any CPU = Debug|Any CPU
		Release|Any CPU = Release|Any CPU
	EndGlobalSection
	GlobalSection(ProjectConfigurationPlatforms) = postSolution
		{83E06FB6-AC3F-4145-8D0D-96F885E14D2F}.Debug|Any CPU.ActiveCfg = Debug|Any CPU
		{83E06FB6-AC3F-4145-8D0D-96F885E14D2F}.Debug|Any CPU.Build.0 = Debug|Any CPU
		{83E06FB6-AC3F-4145-8D0D-96F885E14D2F}.Release|Any CPU.ActiveCfg = Release|Any CPU
		{83E06FB6-AC3F-4145-8D0D-96F885E14D2F}.Release|Any CPU.Build.0 = Release|Any CPU
	EndGlobalSection
	GlobalSection(SolutionProperties) = preSolution
		HideSolutionNode = FALSE
	EndGlobalSection
	GlobalSection(ExtensibilityGlobals) = postSolution
		SolutionGuid = {CB6DFC84-7F17-45EC-BF30-64CB6FE0F512}
	EndGlobalSection
EndGlobal
